{
  "name": "rjwebserver-example",
  "version": "1.0.0",
  "lockfileVersion": 3,
  "requires": true,
  "packages": {
    "": {
      "name": "rjwebserver-example",
      "version": "1.0.0",
      "license": "ISC",
      "dependencies": {
        "dotenv": "^16.0.3",
        "rjweb-server": "^3.1.8"
      }
    },
    "node_modules/dotenv": {
      "version": "16.0.3",
      "resolved": "https://registry.npmjs.org/dotenv/-/dotenv-16.0.3.tgz",
      "integrity": "sha512-7GO6HghkA5fYG9TYnNxi14/7K9f5occMlp3zXAuSxn7CKCxt9xbNWG7yF8hTCSUchlfWSe3uLmlPfigevRItzQ==",
      "engines": {
        "node": ">=12"
      }
    },
    "node_modules/rjweb-server": {
      "version": "3.1.8",
      "resolved": "https://registry.npmjs.org/rjweb-server/-/rjweb-server-3.1.8.tgz",
      "integrity": "sha512-/em8QGkb5X9tIzpwvza30hZES0c3z4IDN1ynBLfUxluYY/XNzWtqRG+YrZN5D3Qqxk6AEhtY5Ojzl1C9aoFOkg==",
      "bin": {
        "rjw-srv": "lib/cjs/cli.js"
      }
    }
  }
}
